
Microsoft Visual Studio Solution File, Format Version 12.00
# Visual Studio Version 16
VisualStudioVersion = 16.0.30907.101
MinimumVisualStudioVersion = 10.0.40219.1
Project("{9A19103F-16F7-4668-BE54-9A1E7A4F7556}") = "bridgit-takehome", "bridgit-takehome\bridgit-takehome.csproj", "{8EAF64EB-4F12-452D-A135-87E475D6F496}"
EndProject
Project("{FAE04EC0-301F-11D3-BF4B-00C04F79EFBC}") = "takehome.tests", "tests\takehome.tests.csproj", "{C3D3DF36-2669-4E84-B3DD-99D746C3FA8E}"
EndProject
Global
	GlobalSection(SolutionConfigurationPlatforms) = preSolution
		Debug|Any CPU = Debug|Any CPU
		Release|Any CPU = Release|Any CPU
	EndGlobalSection
	GlobalSection(ProjectConfigurationPlatforms) = postSolution
		{8EAF64EB-4F12-452D-A135-87E475D6F496}.Debug|Any CPU.ActiveCfg = Debug|Any CPU
		{8EAF64EB-4F12-452D-A135-87E475D6F496}.Debug|Any CPU.Build.0 = Debug|Any CPU
		{8EAF64EB-4F12-452D-A135-87E475D6F496}.Release|Any CPU.ActiveCfg = Release|Any CPU
		{8EAF64EB-4F12-452D-A135-87E475D6F496}.Release|Any CPU.Build.0 = Release|Any CPU
		{C3D3DF36-2669-4E84-B3DD-99D746C3FA8E}.Debug|Any CPU.ActiveCfg = Debug|Any CPU
		{C3D3DF36-2669-4E84-B3DD-99D746C3FA8E}.Debug|Any CPU.Build.0 = Debug|Any CPU
		{C3D3DF36-2669-4E84-B3DD-99D746C3FA8E}.Release|Any CPU.ActiveCfg = Release|Any CPU
		{C3D3DF36-2669-4E84-B3DD-99D746C3FA8E}.Release|Any CPU.Build.0 = Release|Any CPU
	EndGlobalSection
	GlobalSection(SolutionProperties) = preSolution
		HideSolutionNode = FALSE
	EndGlobalSection
	GlobalSection(ExtensibilityGlobals) = postSolution
		SolutionGuid = {E2FB9020-AA24-4DD2-9F8C-A37C1F8DA18A}
	EndGlobalSection
EndGlobal
